
Microsoft Visual Studio Solution File, Format Version 12.00
# Visual Studio Version 16
VisualStudioVersion = 16.0.30128.74
MinimumVisualStudioVersion = 10.0.40219.1
Project("{9A19103F-16F7-4668-BE54-9A1E7A4F7556}") = "BasicSalesSystem.Web", "BasicSalesSystem.Web\BasicSalesSystem.Web.csproj", "{88A460EA-500A-47BD-8D78-A508ADE265D9}"
EndProject
Global
	GlobalSection(SolutionConfigurationPlatforms) = preSolution
		Debug|Any CPU = Debug|Any CPU
		Release|Any CPU = Release|Any CPU
	EndGlobalSection
	GlobalSection(ProjectConfigurationPlatforms) = postSolution
		{88A460EA-500A-47BD-8D78-A508ADE265D9}.Debug|Any CPU.ActiveCfg = Debug|Any CPU
		{88A460EA-500A-47BD-8D78-A508ADE265D9}.Debug|Any CPU.Build.0 = Debug|Any CPU
		{88A460EA-500A-47BD-8D78-A508ADE265D9}.Release|Any CPU.ActiveCfg = Release|Any CPU
		{88A460EA-500A-47BD-8D78-A508ADE265D9}.Release|Any CPU.Build.0 = Release|Any CPU
	EndGlobalSection
	GlobalSection(SolutionProperties) = preSolution
		HideSolutionNode = FALSE
	EndGlobalSection
	GlobalSection(ExtensibilityGlobals) = postSolution
		SolutionGuid = {C7FDA5BC-9BC7-43B5-BF2D-52239CC889E3}
	EndGlobalSection
EndGlobal
